// !$*UTF8*$!
{
	archiveVersion = 1;
	classes = {
	};
	objectVersion = 56;
	objects = {

/* Begin PBXBuildFile section */
		49FD28CE2C2115DD000E185D /* AppDelegate.swift in Sources */ = {isa = PBXBuildFile; fileRef = 49FD28CD2C2115DD000E185D /* AppDelegate.swift */; };
		49FD28D02C2115DD000E185D /* SceneDelegate.swift in Sources */ = {isa = PBXBuildFile; fileRef = 49FD28CF2C2115DD000E185D /* SceneDelegate.swift */; };
		49FD28D72C2115E4000E185D /* Assets.xcassets in Resources */ = {isa = PBXBuildFile; fileRef = 49FD28D62C2115E4000E185D /* Assets.xcassets */; };
		49FD28E32C215284000E185D /* WellAssmntCoordinator.swift in Sources */ = {isa = PBXBuildFile; fileRef = 49FD28E22C215284000E185D /* WellAssmntCoordinator.swift */; };
		49FD28E52C2153D6000E185D /* WellAppCoordinator.swift in Sources */ = {isa = PBXBuildFile; fileRef = 49FD28E42C2153D6000E185D /* WellAppCoordinator.swift */; };
		49FD28E92C2156C5000E185D /* PokemonData.swift in Sources */ = {isa = PBXBuildFile; fileRef = 49FD28E82C2156C5000E185D /* PokemonData.swift */; };
		49FD28EB2C2156D6000E185D /* ViewBuilderType.swift in Sources */ = {isa = PBXBuildFile; fileRef = 49FD28EA2C2156D6000E185D /* ViewBuilderType.swift */; };
		49FD28EE2C21573E000E185D /* NetworkingBase.swift in Sources */ = {isa = PBXBuildFile; fileRef = 49FD28ED2C21573E000E185D /* NetworkingBase.swift */; };
		49FD28F42C215770000E185D /* PokemonListView.swift in Sources */ = {isa = PBXBuildFile; fileRef = 49FD28F02C215770000E185D /* PokemonListView.swift */; };
		49FD28F52C215770000E185D /* PokemonDetailView.swift in Sources */ = {isa = PBXBuildFile; fileRef = 49FD28F12C215770000E185D /* PokemonDetailView.swift */; };
		49FD28F62C215770000E185D /* PokemonListViewCell.swift in Sources */ = {isa = PBXBuildFile; fileRef = 49FD28F32C215770000E185D /* PokemonListViewCell.swift */; };
		49FD28FE2C2157C3000E185D /* PokemonTableViewCell.xib in Resources */ = {isa = PBXBuildFile; fileRef = 49FD28FA2C2157C3000E185D /* PokemonTableViewCell.xib */; };
		49FD28FF2C2157C3000E185D /* PokemonListUIView.xib in Resources */ = {isa = PBXBuildFile; fileRef = 49FD28FB2C2157C3000E185D /* PokemonListUIView.xib */; };
		49FD29002C2157C3000E185D /* PokemonDetailViewUIKit.xib in Resources */ = {isa = PBXBuildFile; fileRef = 49FD28FC2C2157C3000E185D /* PokemonDetailViewUIKit.xib */; };
		49FD29052C2157D0000E185D /* PokemonDetailViewUIKit.swift in Sources */ = {isa = PBXBuildFile; fileRef = 49FD29022C2157D0000E185D /* PokemonDetailViewUIKit.swift */; };
		49FD29062C2157D0000E185D /* PokemonListUIView.swift in Sources */ = {isa = PBXBuildFile; fileRef = 49FD29032C2157D0000E185D /* PokemonListUIView.swift */; };
		49FD29072C2157D0000E185D /* PokemonTableViewCell.swift in Sources */ = {isa = PBXBuildFile; fileRef = 49FD29042C2157D0000E185D /* PokemonTableViewCell.swift */; };
		49FD290A2C2157DF000E185D /* PokemonListViewModel.swift in Sources */ = {isa = PBXBuildFile; fileRef = 49FD29092C2157DF000E185D /* PokemonListViewModel.swift */; };
		49FD290D2C215896000E185D /* Color+Extensions.swift in Sources */ = {isa = PBXBuildFile; fileRef = 49FD290B2C215896000E185D /* Color+Extensions.swift */; };
		49FD290E2C215896000E185D /* UIImageView+Extensions.swift in Sources */ = {isa = PBXBuildFile; fileRef = 49FD290C2C215896000E185D /* UIImageView+Extensions.swift */; };
		49FD29122C2159EF000E185D /* ListViewSWUICoordinator.swift in Sources */ = {isa = PBXBuildFile; fileRef = 49FD29112C2159EF000E185D /* ListViewSWUICoordinator.swift */; };
		49FD291A2C216D84000E185D /* WellAssmntUIKitCoordinator.swift in Sources */ = {isa = PBXBuildFile; fileRef = 49FD29192C216D84000E185D /* WellAssmntUIKitCoordinator.swift */; };
/* End PBXBuildFile section */

/* Begin PBXFileReference section */
		49FD28CA2C2115DD000E185D /* WellAssesmentWithCoordinators.app */ = {isa = PBXFileReference; explicitFileType = wrapper.application; includeInIndex = 0; path = WellAssesmentWithCoordinators.app; sourceTree = BUILT_PRODUCTS_DIR; };
		49FD28CD2C2115DD000E185D /* AppDelegate.swift */ = {isa = PBXFileReference; lastKnownFileType = sourcecode.swift; path = AppDelegate.swift; sourceTree = "<group>"; };
		49FD28CF2C2115DD000E185D /* SceneDelegate.swift */ = {isa = PBXFileReference; lastKnownFileType = sourcecode.swift; path = SceneDelegate.swift; sourceTree = "<group>"; };
		49FD28D62C2115E4000E185D /* Assets.xcassets */ = {isa = PBXFileReference; lastKnownFileType = folder.assetcatalog; path = Assets.xcassets; sourceTree = "<group>"; };
		49FD28DB2C2115E4000E185D /* Info.plist */ = {isa = PBXFileReference; lastKnownFileType = text.plist.xml; path = Info.plist; sourceTree = "<group>"; };
		49FD28E22C215284000E185D /* WellAssmntCoordinator.swift */ = {isa = PBXFileReference; lastKnownFileType = sourcecode.swift; path = WellAssmntCoordinator.swift; sourceTree = "<group>"; };
		49FD28E42C2153D6000E185D /* WellAppCoordinator.swift */ = {isa = PBXFileReference; lastKnownFileType = sourcecode.swift; path = WellAppCoordinator.swift; sourceTree = "<group>"; };
		49FD28E82C2156C5000E185D /* PokemonData.swift */ = {isa = PBXFileReference; lastKnownFileType = sourcecode.swift; path = PokemonData.swift; sourceTree = "<group>"; };
		49FD28EA2C2156D6000E185D /* ViewBuilderType.swift */ = {isa = PBXFileReference; lastKnownFileType = sourcecode.swift; path = ViewBuilderType.swift; sourceTree = "<group>"; };
		49FD28ED2C21573E000E185D /* NetworkingBase.swift */ = {isa = PBXFileReference; lastKnownFileType = sourcecode.swift; path = NetworkingBase.swift; sourceTree = "<group>"; };
		49FD28F02C215770000E185D /* PokemonListView.swift */ = {isa = PBXFileReference; fileEncoding = 4; lastKnownFileType = sourcecode.swift; path = PokemonListView.swift; sourceTree = "<group>"; };
		49FD28F12C215770000E185D /* PokemonDetailView.swift */ = {isa = PBXFileReference; fileEncoding = 4; lastKnownFileType = sourcecode.swift; path = PokemonDetailView.swift; sourceTree = "<group>"; };
		49FD28F32C215770000E185D /* PokemonListViewCell.swift */ = {isa = PBXFileReference; fileEncoding = 4; lastKnownFileType = sourcecode.swift; path = PokemonListViewCell.swift; sourceTree = "<group>"; };
		49FD28FA2C2157C3000E185D /* PokemonTableViewCell.xib */ = {isa = PBXFileReference; fileEncoding = 4; lastKnownFileType = file.xib; path = PokemonTableViewCell.xib; sourceTree = "<group>"; };
		49FD28FB2C2157C3000E185D /* PokemonListUIView.xib */ = {isa = PBXFileReference; fileEncoding = 4; lastKnownFileType = file.xib; path = PokemonListUIView.xib; sourceTree = "<group>"; };
		49FD28FC2C2157C3000E185D /* PokemonDetailViewUIKit.xib */ = {isa = PBXFileReference; fileEncoding = 4; lastKnownFileType = file.xib; path = PokemonDetailViewUIKit.xib; sourceTree = "<group>"; };
		49FD29022C2157D0000E185D /* PokemonDetailViewUIKit.swift */ = {isa = PBXFileReference; fileEncoding = 4; lastKnownFileType = sourcecode.swift; path = PokemonDetailViewUIKit.swift; sourceTree = "<group>"; };
		49FD29032C2157D0000E185D /* PokemonListUIView.swift */ = {isa = PBXFileReference; fileEncoding = 4; lastKnownFileType = sourcecode.swift; path = PokemonListUIView.swift; sourceTree = "<group>"; };
		49FD29042C2157D0000E185D /* PokemonTableViewCell.swift */ = {isa = PBXFileReference; fileEncoding = 4; lastKnownFileType = sourcecode.swift; path = PokemonTableViewCell.swift; sourceTree = "<group>"; };
		49FD29092C2157DF000E185D /* PokemonListViewModel.swift */ = {isa = PBXFileReference; fileEncoding = 4; lastKnownFileType = sourcecode.swift; path = PokemonListViewModel.swift; sourceTree = "<group>"; };
		49FD290B2C215896000E185D /* Color+Extensions.swift */ = {isa = PBXFileReference; fileEncoding = 4; lastKnownFileType = sourcecode.swift; path = "Color+Extensions.swift"; sourceTree = "<group>"; };
		49FD290C2C215896000E185D /* UIImageView+Extensions.swift */ = {isa = PBXFileReference; fileEncoding = 4; lastKnownFileType = sourcecode.swift; path = "UIImageView+Extensions.swift"; sourceTree = "<group>"; };
		49FD29112C2159EF000E185D /* ListViewSWUICoordinator.swift */ = {isa = PBXFileReference; lastKnownFileType = sourcecode.swift; path = ListViewSWUICoordinator.swift; sourceTree = "<group>"; };
		49FD29192C216D84000E185D /* WellAssmntUIKitCoordinator.swift */ = {isa = PBXFileReference; lastKnownFileType = sourcecode.swift; path = WellAssmntUIKitCoordinator.swift; sourceTree = "<group>"; };
/* End PBXFileReference section */

/* Begin PBXFrameworksBuildPhase section */
		49FD28C72C2115DD000E185D /* Frameworks */ = {
			isa = PBXFrameworksBuildPhase;
			buildActionMask = 2147483647;
			files = (
			);
			runOnlyForDeploymentPostprocessing = 0;
		};
/* End PBXFrameworksBuildPhase section */

/* Begin PBXGroup section */
		49FD28C12C2115DD000E185D = {
			isa = PBXGroup;
			children = (
				49FD28CC2C2115DD000E185D /* WellAssesmentWithCoordinators */,
				49FD28CB2C2115DD000E185D /* Products */,
			);
			sourceTree = "<group>";
		};
		49FD28CB2C2115DD000E185D /* Products */ = {
			isa = PBXGroup;
			children = (
				49FD28CA2C2115DD000E185D /* WellAssesmentWithCoordinators.app */,
			);
			name = Products;
			sourceTree = "<group>";
		};
		49FD28CC2C2115DD000E185D /* WellAssesmentWithCoordinators */ = {
			isa = PBXGroup;
			children = (
				49FD28E42C2153D6000E185D /* WellAppCoordinator.swift */,
				49FD29102C2159AC000E185D /* Coordinators */,
				49FD28EC2C21572C000E185D /* Networking */,
				49FD28EF2C215770000E185D /* SwiftUIViews */,
				49FD28E12C21526B000E185D /* Protocols */,
				49FD29012C2157D0000E185D /* ViewControllers */,
				49FD29082C2157DF000E185D /* ViewModels */,
				49FD28F72C2157C3000E185D /* UIKitViews */,
				49FD290F2C2158A2000E185D /* Extensions */,
				49FD28E72C215690000E185D /* Models */,
				49FD28CD2C2115DD000E185D /* AppDelegate.swift */,
				49FD28CF2C2115DD000E185D /* SceneDelegate.swift */,
				49FD28D62C2115E4000E185D /* Assets.xcassets */,
				49FD28DB2C2115E4000E185D /* Info.plist */,
			);
			path = WellAssesmentWithCoordinators;
			sourceTree = "<group>";
		};
		49FD28E12C21526B000E185D /* Protocols */ = {
			isa = PBXGroup;
			children = (
				49FD28E22C215284000E185D /* WellAssmntCoordinator.swift */,
			);
			path = Protocols;
			sourceTree = "<group>";
		};
		49FD28E72C215690000E185D /* Models */ = {
			isa = PBXGroup;
			children = (
				49FD28E82C2156C5000E185D /* PokemonData.swift */,
				49FD28EA2C2156D6000E185D /* ViewBuilderType.swift */,
			);
			path = Models;
			sourceTree = "<group>";
		};
		49FD28EC2C21572C000E185D /* Networking */ = {
			isa = PBXGroup;
			children = (
				49FD28ED2C21573E000E185D /* NetworkingBase.swift */,
			);
			path = Networking;
			sourceTree = "<group>";
		};
		49FD28EF2C215770000E185D /* SwiftUIViews */ = {
			isa = PBXGroup;
			children = (
				49FD28F02C215770000E185D /* PokemonListView.swift */,
				49FD29112C2159EF000E185D /* ListViewSWUICoordinator.swift */,
				49FD28F12C215770000E185D /* PokemonDetailView.swift */,
				49FD28F22C215770000E185D /* SubViews */,
			);
			path = SwiftUIViews;
			sourceTree = "<group>";
		};
		49FD28F22C215770000E185D /* SubViews */ = {
			isa = PBXGroup;
			children = (
				49FD28F32C215770000E185D /* PokemonListViewCell.swift */,
			);
			path = SubViews;
			sourceTree = "<group>";
		};
		49FD28F72C2157C3000E185D /* UIKitViews */ = {
			isa = PBXGroup;
			children = (
				49FD28FA2C2157C3000E185D /* PokemonTableViewCell.xib */,
				49FD28FB2C2157C3000E185D /* PokemonListUIView.xib */,
				49FD28FC2C2157C3000E185D /* PokemonDetailViewUIKit.xib */,
			);
			path = UIKitViews;
			sourceTree = "<group>";
		};
		49FD29012C2157D0000E185D /* ViewControllers */ = {
			isa = PBXGroup;
			children = (
				49FD29022C2157D0000E185D /* PokemonDetailViewUIKit.swift */,
				49FD29032C2157D0000E185D /* PokemonListUIView.swift */,
				49FD29042C2157D0000E185D /* PokemonTableViewCell.swift */,
			);
			path = ViewControllers;
			sourceTree = "<group>";
		};
		49FD29082C2157DF000E185D /* ViewModels */ = {
			isa = PBXGroup;
			children = (
				49FD29092C2157DF000E185D /* PokemonListViewModel.swift */,
			);
			path = ViewModels;
			sourceTree = "<group>";
		};
		49FD290F2C2158A2000E185D /* Extensions */ = {
			isa = PBXGroup;
			children = (
				49FD290B2C215896000E185D /* Color+Extensions.swift */,
				49FD290C2C215896000E185D /* UIImageView+Extensions.swift */,
			);
			path = Extensions;
			sourceTree = "<group>";
		};
		49FD29102C2159AC000E185D /* Coordinators */ = {
			isa = PBXGroup;
			children = (
				49FD29192C216D84000E185D /* WellAssmntUIKitCoordinator.swift */,
			);
			path = Coordinators;
			sourceTree = "<group>";
		};
/* End PBXGroup section */

/* Begin PBXNativeTarget section */
		49FD28C92C2115DD000E185D /* WellAssesmentWithCoordinators */ = {
			isa = PBXNativeTarget;
			buildConfigurationList = 49FD28DE2C2115E4000E185D /* Build configuration list for PBXNativeTarget "WellAssesmentWithCoordinators" */;
			buildPhases = (
				49FD28C62C2115DD000E185D /* Sources */,
				49FD28C72C2115DD000E185D /* Frameworks */,
				49FD28C82C2115DD000E185D /* Resources */,
			);
			buildRules = (
			);
			dependencies = (
			);
			name = WellAssesmentWithCoordinators;
			productName = WellAssesmentWithCoordinators;
			productReference = 49FD28CA2C2115DD000E185D /* WellAssesmentWithCoordinators.app */;
			productType = "com.apple.product-type.application";
		};
/* End PBXNativeTarget section */

/* Begin PBXProject section */
		49FD28C22C2115DD000E185D /* Project object */ = {
			isa = PBXProject;
			attributes = {
				BuildIndependentTargetsInParallel = 1;
				LastSwiftUpdateCheck = 1520;
				LastUpgradeCheck = 1520;
				TargetAttributes = {
					49FD28C92C2115DD000E185D = {
						CreatedOnToolsVersion = 15.2;
					};
				};
			};
			buildConfigurationList = 49FD28C52C2115DD000E185D /* Build configuration list for PBXProject "WellAssesmentWithCoordinators" */;
			compatibilityVersion = "Xcode 14.0";
			developmentRegion = en;
			hasScannedForEncodings = 0;
			knownRegions = (
				en,
				Base,
			);
			mainGroup = 49FD28C12C2115DD000E185D;
			productRefGroup = 49FD28CB2C2115DD000E185D /* Products */;
			projectDirPath = "";
			projectRoot = "";
			targets = (
				49FD28C92C2115DD000E185D /* WellAssesmentWithCoordinators */,
			);
		};
/* End PBXProject section */

/* Begin PBXResourcesBuildPhase section */
		49FD28C82C2115DD000E185D /* Resources */ = {
			isa = PBXResourcesBuildPhase;
			buildActionMask = 2147483647;
			files = (
				49FD29002C2157C3000E185D /* PokemonDetailViewUIKit.xib in Resources */,
				49FD28FF2C2157C3000E185D /* PokemonListUIView.xib in Resources */,
				49FD28FE2C2157C3000E185D /* PokemonTableViewCell.xib in Resources */,
				49FD28D72C2115E4000E185D /* Assets.xcassets in Resources */,
			);
			runOnlyForDeploymentPostprocessing = 0;
		};
/* End PBXResourcesBuildPhase section */

/* Begin PBXSourcesBuildPhase section */
		49FD28C62C2115DD000E185D /* Sources */ = {
			isa = PBXSourcesBuildPhase;
			buildActionMask = 2147483647;
			files = (
				49FD28E32C215284000E185D /* WellAssmntCoordinator.swift in Sources */,
				49FD28F52C215770000E185D /* PokemonDetailView.swift in Sources */,
				49FD29072C2157D0000E185D /* PokemonTableViewCell.swift in Sources */,
				49FD28EB2C2156D6000E185D /* ViewBuilderType.swift in Sources */,
				49FD28E92C2156C5000E185D /* PokemonData.swift in Sources */,
				49FD290A2C2157DF000E185D /* PokemonListViewModel.swift in Sources */,
				49FD29062C2157D0000E185D /* PokemonListUIView.swift in Sources */,
				49FD29122C2159EF000E185D /* ListViewSWUICoordinator.swift in Sources */,
				49FD28EE2C21573E000E185D /* NetworkingBase.swift in Sources */,
				49FD28CE2C2115DD000E185D /* AppDelegate.swift in Sources */,
				49FD28D02C2115DD000E185D /* SceneDelegate.swift in Sources */,
				49FD290E2C215896000E185D /* UIImageView+Extensions.swift in Sources */,
				49FD291A2C216D84000E185D /* WellAssmntUIKitCoordinator.swift in Sources */,
				49FD28F62C215770000E185D /* PokemonListViewCell.swift in Sources */,
				49FD290D2C215896000E185D /* Color+Extensions.swift in Sources */,
				49FD28F42C215770000E185D /* PokemonListView.swift in Sources */,
				49FD29052C2157D0000E185D /* PokemonDetailViewUIKit.swift in Sources */,
				49FD28E52C2153D6000E185D /* WellAppCoordinator.swift in Sources */,
			);
			runOnlyForDeploymentPostprocessing = 0;
		};
/* End PBXSourcesBuildPhase section */

/* Begin XCBuildConfiguration section */
		49FD28DC2C2115E4000E185D /* Debug */ = {
			isa = XCBuildConfiguration;
			buildSettings = {
				ALWAYS_SEARCH_USER_PATHS = NO;
				ASSETCATALOG_COMPILER_GENERATE_SWIFT_ASSET_SYMBOL_EXTENSIONS = YES;
				CLANG_ANALYZER_NONNULL = YES;
				CLANG_ANALYZER_NUMBER_OBJECT_CONVERSION = YES_AGGRESSIVE;
				CLANG_CXX_LANGUAGE_STANDARD = "gnu++20";
				CLANG_ENABLE_MODULES = YES;
				CLANG_ENABLE_OBJC_ARC = YES;
				CLANG_ENABLE_OBJC_WEAK = YES;
				CLANG_WARN_BLOCK_CAPTURE_AUTORELEASING = YES;
				CLANG_WARN_BOOL_CONVERSION = YES;
				CLANG_WARN_COMMA = YES;
				CLANG_WARN_CONSTANT_CONVERSION = YES;
				CLANG_WARN_DEPRECATED_OBJC_IMPLEMENTATIONS = YES;
				CLANG_WARN_DIRECT_OBJC_ISA_USAGE = YES_ERROR;
				CLANG_WARN_DOCUMENTATION_COMMENTS = YES;
				CLANG_WARN_EMPTY_BODY = YES;
				CLANG_WARN_ENUM_CONVERSION = YES;
				CLANG_WARN_INFINITE_RECURSION = YES;
				CLANG_WARN_INT_CONVERSION = YES;
				CLANG_WARN_NON_LITERAL_NULL_CONVERSION = YES;
				CLANG_WARN_OBJC_IMPLICIT_RETAIN_SELF = YES;
				CLANG_WARN_OBJC_LITERAL_CONVERSION = YES;
				CLANG_WARN_OBJC_ROOT_CLASS = YES_ERROR;
				CLANG_WARN_QUOTED_INCLUDE_IN_FRAMEWORK_HEADER = YES;
				CLANG_WARN_RANGE_LOOP_ANALYSIS = YES;
				CLANG_WARN_STRICT_PROTOTYPES = YES;
				CLANG_WARN_SUSPICIOUS_MOVE = YES;
				CLANG_WARN_UNGUARDED_AVAILABILITY = YES_AGGRESSIVE;
				CLANG_WARN_UNREACHABLE_CODE = YES;
				CLANG_WARN__DUPLICATE_METHOD_MATCH = YES;
				COPY_PHASE_STRIP = NO;
				DEBUG_INFORMATION_FORMAT = dwarf;
				ENABLE_STRICT_OBJC_MSGSEND = YES;
				ENABLE_TESTABILITY = YES;
				ENABLE_USER_SCRIPT_SANDBOXING = YES;
				GCC_C_LANGUAGE_STANDARD = gnu17;
				GCC_DYNAMIC_NO_PIC = NO;
				GCC_NO_COMMON_BLOCKS = YES;
				GCC_OPTIMIZATION_LEVEL = 0;
				GCC_PREPROCESSOR_DEFINITIONS = (
					"DEBUG=1",
					"$(inherited)",
				);
				GCC_WARN_64_TO_32_BIT_CONVERSION = YES;
				GCC_WARN_ABOUT_RETURN_TYPE = YES_ERROR;
				GCC_WARN_UNDECLARED_SELECTOR = YES;
				GCC_WARN_UNINITIALIZED_AUTOS = YES_AGGRESSIVE;
				GCC_WARN_UNUSED_FUNCTION = YES;
				GCC_WARN_UNUSED_VARIABLE = YES;
				IPHONEOS_DEPLOYMENT_TARGET = 17.2;
				LOCALIZATION_PREFERS_STRING_CATALOGS = YES;
				MTL_ENABLE_DEBUG_INFO = INCLUDE_SOURCE;
				MTL_FAST_MATH = YES;
				ONLY_ACTIVE_ARCH = YES;
				SDKROOT = iphoneos;
				SWIFT_ACTIVE_COMPILATION_CONDITIONS = "DEBUG $(inherited)";
				SWIFT_OPTIMIZATION_LEVEL = "-Onone";
			};
			name = Debug;
		};
		49FD28DD2C2115E4000E185D /* Release */ = {
			isa = XCBuildConfiguration;
			buildSettings = {
				ALWAYS_SEARCH_USER_PATHS = NO;
				ASSETCATALOG_COMPILER_GENERATE_SWIFT_ASSET_SYMBOL_EXTENSIONS = YES;
				CLANG_ANALYZER_NONNULL = YES;
				CLANG_ANALYZER_NUMBER_OBJECT_CONVERSION = YES_AGGRESSIVE;
				CLANG_CXX_LANGUAGE_STANDARD = "gnu++20";
				CLANG_ENABLE_MODULES = YES;
				CLANG_ENABLE_OBJC_ARC = YES;
				CLANG_ENABLE_OBJC_WEAK = YES;
				CLANG_WARN_BLOCK_CAPTURE_AUTORELEASING = YES;
				CLANG_WARN_BOOL_CONVERSION = YES;
				CLANG_WARN_COMMA = YES;
				CLANG_WARN_CONSTANT_CONVERSION = YES;
				CLANG_WARN_DEPRECATED_OBJC_IMPLEMENTATIONS = YES;
				CLANG_WARN_DIRECT_OBJC_ISA_USAGE = YES_ERROR;
				CLANG_WARN_DOCUMENTATION_COMMENTS = YES;
				CLANG_WARN_EMPTY_BODY = YES;
				CLANG_WARN_ENUM_CONVERSION = YES;
				CLANG_WARN_INFINITE_RECURSION = YES;
				CLANG_WARN_INT_CONVERSION = YES;
				CLANG_WARN_NON_LITERAL_NULL_CONVERSION = YES;
				CLANG_WARN_OBJC_IMPLICIT_RETAIN_SELF = YES;
				CLANG_WARN_OBJC_LITERAL_CONVERSION = YES;
				CLANG_WARN_OBJC_ROOT_CLASS = YES_ERROR;
				CLANG_WARN_QUOTED_INCLUDE_IN_FRAMEWORK_HEADER = YES;
				CLANG_WARN_RANGE_LOOP_ANALYSIS = YES;
				CLANG_WARN_STRICT_PROTOTYPES = YES;
				CLANG_WARN_SUSPICIOUS_MOVE = YES;
				CLANG_WARN_UNGUARDED_AVAILABILITY = YES_AGGRESSIVE;
				CLANG_WARN_UNREACHABLE_CODE = YES;
				CLANG_WARN__DUPLICATE_METHOD_MATCH = YES;
				COPY_PHASE_STRIP = NO;
				DEBUG_INFORMATION_FORMAT = "dwarf-with-dsym";
				ENABLE_NS_ASSERTIONS = NO;
				ENABLE_STRICT_OBJC_MSGSEND = YES;
				ENABLE_USER_SCRIPT_SANDBOXING = YES;
				GCC_C_LANGUAGE_STANDARD = gnu17;
				GCC_NO_COMMON_BLOCKS = YES;
				GCC_WARN_64_TO_32_BIT_CONVERSION = YES;
				GCC_WARN_ABOUT_RETURN_TYPE = YES_ERROR;
				GCC_WARN_UNDECLARED_SELECTOR = YES;
				GCC_WARN_UNINITIALIZED_AUTOS = YES_AGGRESSIVE;
				GCC_WARN_UNUSED_FUNCTION = YES;
				GCC_WARN_UNUSED_VARIABLE = YES;
				IPHONEOS_DEPLOYMENT_TARGET = 17.2;
				LOCALIZATION_PREFERS_STRING_CATALOGS = YES;
				MTL_ENABLE_DEBUG_INFO = NO;
				MTL_FAST_MATH = YES;
				SDKROOT = iphoneos;
				SWIFT_COMPILATION_MODE = wholemodule;
				VALIDATE_PRODUCT = YES;
			};
			name = Release;
		};
		49FD28DF2C2115E4000E185D /* Debug */ = {
			isa = XCBuildConfiguration;
			buildSettings = {
				ASSETCATALOG_COMPILER_APPICON_NAME = AppIcon;
				ASSETCATALOG_COMPILER_GLOBAL_ACCENT_COLOR_NAME = AccentColor;
				CODE_SIGN_STYLE = Automatic;
				CURRENT_PROJECT_VERSION = 1;
				DEVELOPMENT_TEAM = KQT3LCRC2M;
				GENERATE_INFOPLIST_FILE = YES;
				INFOPLIST_FILE = WellAssesmentWithCoordinators/Info.plist;
				INFOPLIST_KEY_UIApplicationSupportsIndirectInputEvents = YES;
				INFOPLIST_KEY_UILaunchStoryboardName = LaunchScreen;
				INFOPLIST_KEY_UISupportedInterfaceOrientations_iPad = "UIInterfaceOrientationPortrait UIInterfaceOrientationPortraitUpsideDown UIInterfaceOrientationLandscapeLeft UIInterfaceOrientationLandscapeRight";
				INFOPLIST_KEY_UISupportedInterfaceOrientations_iPhone = "UIInterfaceOrientationPortrait UIInterfaceOrientationLandscapeLeft UIInterfaceOrientationLandscapeRight";
				LD_RUNPATH_SEARCH_PATHS = (
					"$(inherited)",
					"@executable_path/Frameworks",
				);
				MARKETING_VERSION = 1.0;
				PRODUCT_BUNDLE_IDENTIFIER = wildBard.WellAssesmentWithCoordinators;
				PRODUCT_NAME = "$(TARGET_NAME)";
				SWIFT_EMIT_LOC_STRINGS = YES;
				SWIFT_VERSION = 5.0;
				TARGETED_DEVICE_FAMILY = "1,2";
			};
			name = Debug;
		};
		49FD28E02C2115E4000E185D /* Release */ = {
			isa = XCBuildConfiguration;
			buildSettings = {
				ASSETCATALOG_COMPILER_APPICON_NAME = AppIcon;
				ASSETCATALOG_COMPILER_GLOBAL_ACCENT_COLOR_NAME = AccentColor;
				CODE_SIGN_STYLE = Automatic;
				CURRENT_PROJECT_VERSION = 1;
				DEVELOPMENT_TEAM = KQT3LCRC2M;
				GENERATE_INFOPLIST_FILE = YES;
				INFOPLIST_FILE = WellAssesmentWithCoordinators/Info.plist;
				INFOPLIST_KEY_UIApplicationSupportsIndirectInputEvents = YES;
				INFOPLIST_KEY_UILaunchStoryboardName = LaunchScreen;
				INFOPLIST_KEY_UISupportedInterfaceOrientations_iPad = "UIInterfaceOrientationPortrait UIInterfaceOrientationPortraitUpsideDown UIInterfaceOrientationLandscapeLeft UIInterfaceOrientationLandscapeRight";
				INFOPLIST_KEY_UISupportedInterfaceOrientations_iPhone = "UIInterfaceOrientationPortrait UIInterfaceOrientationLandscapeLeft UIInterfaceOrientationLandscapeRight";
				LD_RUNPATH_SEARCH_PATHS = (
					"$(inherited)",
					"@executable_path/Frameworks",
				);
				MARKETING_VERSION = 1.0;
				PRODUCT_BUNDLE_IDENTIFIER = wildBard.WellAssesmentWithCoordinators;
				PRODUCT_NAME = "$(TARGET_NAME)";
				SWIFT_EMIT_LOC_STRINGS = YES;
				SWIFT_VERSION = 5.0;
				TARGETED_DEVICE_FAMILY = "1,2";
			};
			name = Release;
		};
/* End XCBuildConfiguration section */

/* Begin XCConfigurationList section */
		49FD28C52C2115DD000E185D /* Build configuration list for PBXProject "WellAssesmentWithCoordinators" */ = {
			isa = XCConfigurationList;
			buildConfigurations = (
				49FD28DC2C2115E4000E185D /* Debug */,
				49FD28DD2C2115E4000E185D /* Release */,
			);
			defaultConfigurationIsVisible = 0;
			defaultConfigurationName = Release;
		};
		49FD28DE2C2115E4000E185D /* Build configuration list for PBXNativeTarget "WellAssesmentWithCoordinators" */ = {
			isa = XCConfigurationList;
			buildConfigurations = (
				49FD28DF2C2115E4000E185D /* Debug */,
				49FD28E02C2115E4000E185D /* Release */,
			);
			defaultConfigurationIsVisible = 0;
			defaultConfigurationName = Release;
		};
/* End XCConfigurationList section */
	};
	rootObject = 49FD28C22C2115DD000E185D /* Project object */;
}
